
Microsoft Visual Studio Solution File, Format Version 12.00
# Visual Studio Version 17
VisualStudioVersion = 17.3.32922.545
MinimumVisualStudioVersion = 10.0.40219.1
Project("{8BC9CEB8-8B4A-11D0-8D11-00A0C91BC942}") = "ActuallyUseful", "ActuallyUseful\ActuallyUseful.vcxproj", "{F6DE4264-386B-47EF-AC6D-86897DCCF974}"
EndProject
Project("{8BC9CEB8-8B4A-11D0-8D11-00A0C91BC942}") = "GoogleTestTests", "GoogleTestTests\GoogleTestTests.vcxproj", "{9C598DDB-64BB-4860-B45A-6AAD7F565ABC}"
EndProject
Global
	GlobalSection(SolutionConfigurationPlatforms) = preSolution
		Debug|x64 = Debug|x64
		Debug|x86 = Debug|x86
		Release|x64 = Release|x64
		Release|x86 = Release|x86
	EndGlobalSection
	GlobalSection(ProjectConfigurationPlatforms) = postSolution
		{F6DE4264-386B-47EF-AC6D-86897DCCF974}.Debug|x64.ActiveCfg = Debug|x64
		{F6DE4264-386B-47EF-AC6D-86897DCCF974}.Debug|x64.Build.0 = Debug|x64
		{F6DE4264-386B-47EF-AC6D-86897DCCF974}.Debug|x86.ActiveCfg = Debug|Win32
		{F6DE4264-386B-47EF-AC6D-86897DCCF974}.Debug|x86.Build.0 = Debug|Win32
		{F6DE4264-386B-47EF-AC6D-86897DCCF974}.Release|x64.ActiveCfg = Release|x64
		{F6DE4264-386B-47EF-AC6D-86897DCCF974}.Release|x64.Build.0 = Release|x64
		{F6DE4264-386B-47EF-AC6D-86897DCCF974}.Release|x86.ActiveCfg = Release|Win32
		{F6DE4264-386B-47EF-AC6D-86897DCCF974}.Release|x86.Build.0 = Release|Win32
		{9C598DDB-64BB-4860-B45A-6AAD7F565ABC}.Debug|x64.ActiveCfg = Debug|x64
		{9C598DDB-64BB-4860-B45A-6AAD7F565ABC}.Debug|x64.Build.0 = Debug|x64
		{9C598DDB-64BB-4860-B45A-6AAD7F565ABC}.Debug|x86.ActiveCfg = Debug|Win32
		{9C598DDB-64BB-4860-B45A-6AAD7F565ABC}.Debug|x86.Build.0 = Debug|Win32
		{9C598DDB-64BB-4860-B45A-6AAD7F565ABC}.Release|x64.ActiveCfg = Release|x64
		{9C598DDB-64BB-4860-B45A-6AAD7F565ABC}.Release|x64.Build.0 = Release|x64
		{9C598DDB-64BB-4860-B45A-6AAD7F565ABC}.Release|x86.ActiveCfg = Release|Win32
		{9C598DDB-64BB-4860-B45A-6AAD7F565ABC}.Release|x86.Build.0 = Release|Win32
	EndGlobalSection
	GlobalSection(SolutionProperties) = preSolution
		HideSolutionNode = FALSE
	EndGlobalSection
	GlobalSection(ExtensibilityGlobals) = postSolution
		SolutionGuid = {CC07B759-CD62-46B5-9F6B-F037C85DD3E3}
	EndGlobalSection
EndGlobal
