<?xml version="1.0" encoding="utf-8"?>
<Project ToolsVersion="4.0" xmlns="http://schemas.microsoft.com/developer/msbuild/2003">
  <ItemGroup>
    <ClCompile Include="pch.cpp" />
    <ClCompile Include="algo-tests.cpp">
      <Filter>Tests</Filter>
    </ClCompile>
    <ClCompile Include="type_traits-tests.cpp">
      <Filter>Tests</Filter>
    </ClCompile>
    <ClCompile Include="functional-tests.cpp">
      <Filter>Tests</Filter>
    </ClCompile>
    <ClCompile Include="utility-tests.cpp">
      <Filter>Tests</Filter>
    </ClCompile>
  </ItemGroup>
  <ItemGroup>
    <ClInclude Include="pch.h" />
  </ItemGroup>
  <ItemGroup>
    <None Include="packages.config" />
  </ItemGroup>
  <ItemGroup>
    <Filter Include="Tests">
      <UniqueIdentifier>{06913567-a826-4e6f-a74f-3080c72bbc5c}</UniqueIdentifier>
    </Filter>
  </ItemGroup>
</Project>