<?xml version="1.0" encoding="utf-8"?>
<Project ToolsVersion="4.0" xmlns="http://schemas.microsoft.com/developer/msbuild/2003">
  <ItemGroup>
    <Filter Include="Modules">
      <UniqueIdentifier>{c550f659-e1ff-4837-be53-60b5832a7c6b}</UniqueIdentifier>
    </Filter>
    <Filter Include="Modules\Algo">
      <UniqueIdentifier>{24837385-83c1-4336-a3cb-2a1c7a1019a5}</UniqueIdentifier>
    </Filter>
    <Filter Include="Modules\TypeTraits">
      <UniqueIdentifier>{fdb3d489-def8-4b8b-a42d-611fc885cb1a}</UniqueIdentifier>
    </Filter>
    <Filter Include="Modules\Types">
      <UniqueIdentifier>{e13adc20-e393-4933-b10b-c9b0048ee87a}</UniqueIdentifier>
    </Filter>
    <Filter Include="Modules\Limits">
      <UniqueIdentifier>{3b609bbf-269b-401b-a88d-0daac60a409f}</UniqueIdentifier>
    </Filter>
    <Filter Include="Modules\Concepts">
      <UniqueIdentifier>{d8d2de9c-17d2-427b-b2af-a9c371ba2717}</UniqueIdentifier>
    </Filter>
    <Filter Include="Modules\Functional">
      <UniqueIdentifier>{b802a988-f2f1-4dca-bd22-9ed9f5131476}</UniqueIdentifier>
    </Filter>
    <Filter Include="Modules\Utility">
      <UniqueIdentifier>{b3f0eecc-d86a-4153-bee5-8f7aad564c6b}</UniqueIdentifier>
    </Filter>
    <Filter Include="Modules\Memory">
      <UniqueIdentifier>{80f43321-c2c5-42d6-af12-a2698553a8f9}</UniqueIdentifier>
    </Filter>
    <Filter Include="Modules\Internal">
      <UniqueIdentifier>{2963cdd6-8020-4a06-a435-efd846858ade}</UniqueIdentifier>
    </Filter>
  </ItemGroup>
  <ItemGroup>
    <ClCompile Include="Modules\Algo\Algo-Transform.ixx">
      <Filter>Modules\Algo</Filter>
    </ClCompile>
    <ClCompile Include="Modules\TypeTraits\TypeTraits.ixx">
      <Filter>Modules\TypeTraits</Filter>
    </ClCompile>
    <ClCompile Include="Modules\TypeTraits\TypeTraits-IntegralConstant.ixx">
      <Filter>Modules\TypeTraits</Filter>
    </ClCompile>
    <ClCompile Include="Modules\TypeTraits\TypeTraits-ConstVolatile.ixx">
      <Filter>Modules\TypeTraits</Filter>
    </ClCompile>
    <ClCompile Include="Modules\TypeTraits\TypeTraits-Pointer.ixx">
      <Filter>Modules\TypeTraits</Filter>
    </ClCompile>
    <ClCompile Include="Modules\TypeTraits\TypeTraits-Reference.ixx">
      <Filter>Modules\TypeTraits</Filter>
    </ClCompile>
    <ClCompile Include="Modules\Algo\Algo.ixx">
      <Filter>Modules\Algo</Filter>
    </ClCompile>
    <ClCompile Include="Modules\Types\Types-Standard.ixx">
      <Filter>Modules\Types</Filter>
    </ClCompile>
    <ClCompile Include="Modules\Types\Types.ixx">
      <Filter>Modules\Types</Filter>
    </ClCompile>
    <ClCompile Include="Modules\Limits\Limits.ixx">
      <Filter>Modules\Limits</Filter>
    </ClCompile>
    <ClCompile Include="Modules\Limits\Limits-Ints.ixx">
      <Filter>Modules\Limits</Filter>
    </ClCompile>
    <ClCompile Include="Modules\Limits\Limits-Floats.ixx">
      <Filter>Modules\Limits</Filter>
    </ClCompile>
    <ClCompile Include="Modules\Types\Types-Byte.ixx">
      <Filter>Modules\Types</Filter>
    </ClCompile>
    <ClCompile Include="Modules\Concepts\Concepts.ixx">
      <Filter>Modules\Concepts</Filter>
    </ClCompile>
    <ClCompile Include="Modules\Concepts\Concepts-Arithmetic.ixx">
      <Filter>Modules\Concepts</Filter>
    </ClCompile>
    <ClCompile Include="Modules\Concepts\Concepts-Core.ixx">
      <Filter>Modules\Concepts</Filter>
    </ClCompile>
    <ClCompile Include="Modules\TypeTraits\TypeTraits-Core.ixx">
      <Filter>Modules\TypeTraits</Filter>
    </ClCompile>
    <ClCompile Include="Modules\TypeTraits\TypeTraits-IsArithmetic.ixx">
      <Filter>Modules\TypeTraits</Filter>
    </ClCompile>
    <ClCompile Include="Modules\TypeTraits\TypeTraits-IsIntegral.ixx">
      <Filter>Modules\TypeTraits</Filter>
    </ClCompile>
    <ClCompile Include="Modules\TypeTraits\TypeTraits-IsFloatingPoint.ixx">
      <Filter>Modules\TypeTraits</Filter>
    </ClCompile>
    <ClCompile Include="Modules\TypeTraits\TypeTraits-IsSigned.ixx">
      <Filter>Modules\TypeTraits</Filter>
    </ClCompile>
    <ClCompile Include="Modules\Concepts\Concepts-Integral.ixx">
      <Filter>Modules\Concepts</Filter>
    </ClCompile>
    <ClCompile Include="Modules\Concepts\Concepts-FloatingPoint.ixx">
      <Filter>Modules\Concepts</Filter>
    </ClCompile>
    <ClCompile Include="Modules\Concepts\Concepts-SignedIntegral.ixx">
      <Filter>Modules\Concepts</Filter>
    </ClCompile>
    <ClCompile Include="Modules\Concepts\Concepts-UnsignedIntegral.ixx">
      <Filter>Modules\Concepts</Filter>
    </ClCompile>
    <ClCompile Include="Modules\TypeTraits\TypeTraits-RemoveCVRef.ixx">
      <Filter>Modules\TypeTraits</Filter>
    </ClCompile>
    <ClCompile Include="Modules\TypeTraits\TypeTraits-Decay.ixx">
      <Filter>Modules\TypeTraits</Filter>
    </ClCompile>
    <ClCompile Include="Modules\TypeTraits\TypeTraits-IsArray.ixx">
      <Filter>Modules\TypeTraits</Filter>
    </ClCompile>
    <ClCompile Include="Modules\TypeTraits\TypeTraits-RemoveExtent.ixx">
      <Filter>Modules\TypeTraits</Filter>
    </ClCompile>
    <ClCompile Include="Modules\TypeTraits\TypeTraits-IsFunction.ixx">
      <Filter>Modules\TypeTraits</Filter>
    </ClCompile>
    <ClCompile Include="Modules\TypeTraits\TypeTraits-IsNullPointer.ixx">
      <Filter>Modules\TypeTraits</Filter>
    </ClCompile>
    <ClCompile Include="Modules\TypeTraits\TypeTraits-EnableIf.ixx">
      <Filter>Modules\TypeTraits</Filter>
    </ClCompile>
    <ClCompile Include="Modules\Types\Types-Arithemetic.ixx">
      <Filter>Modules\Types</Filter>
    </ClCompile>
    <ClCompile Include="Modules\Functional\Functional.ixx">
      <Filter>Modules\Functional</Filter>
    </ClCompile>
    <ClCompile Include="Modules\Functional\Functional-Invoke.ixx">
      <Filter>Modules\Functional</Filter>
    </ClCompile>
    <ClCompile Include="Modules\Utility\Utility.ixx">
      <Filter>Modules\Utility</Filter>
    </ClCompile>
    <ClCompile Include="Modules\Utility\Utility-Forward.ixx">
      <Filter>Modules\Utility</Filter>
    </ClCompile>
    <ClCompile Include="Modules\TypeTraits\TypeTraits-Invocable.ixx">
      <Filter>Modules\TypeTraits</Filter>
    </ClCompile>
    <ClCompile Include="Modules\Utility\Utility-Declval.ixx">
      <Filter>Modules\Utility</Filter>
    </ClCompile>
    <ClCompile Include="Modules\TypeTraits\TypeTraits-Convertible.ixx">
      <Filter>Modules\TypeTraits</Filter>
    </ClCompile>
    <ClCompile Include="Modules\Functional\Functional-ReferenceWrapper.ixx">
      <Filter>Modules\Functional</Filter>
    </ClCompile>
    <ClCompile Include="Modules\Memory\Memory.ixx">
      <Filter>Modules\Memory</Filter>
    </ClCompile>
    <ClCompile Include="Modules\Memory\Memory-AddressOf.ixx">
      <Filter>Modules\Memory</Filter>
    </ClCompile>
    <ClCompile Include="Modules\TypeTraits\TypeTraits-IsVoid.ixx">
      <Filter>Modules\TypeTraits</Filter>
    </ClCompile>
    <ClCompile Include="Modules\TypeTraits\TypeTraits-IsEnum.ixx">
      <Filter>Modules\TypeTraits</Filter>
    </ClCompile>
    <ClCompile Include="Modules\TypeTraits\TypeTraits-IsUnion.ixx">
      <Filter>Modules\TypeTraits</Filter>
    </ClCompile>
    <ClCompile Include="Modules\TypeTraits\TypeTraits-IsClass.ixx">
      <Filter>Modules\TypeTraits</Filter>
    </ClCompile>
    <ClCompile Include="Modules\TypeTraits\TypeTraits-IsFundamental.ixx">
      <Filter>Modules\TypeTraits</Filter>
    </ClCompile>
    <ClCompile Include="Modules\TypeTraits\TypeTraits-IsScalar.ixx">
      <Filter>Modules\TypeTraits</Filter>
    </ClCompile>
    <ClCompile Include="Modules\TypeTraits\TypeTraits-IsObject.ixx">
      <Filter>Modules\TypeTraits</Filter>
    </ClCompile>
    <ClCompile Include="Modules\TypeTraits\TypeTraits-IsCompound.ixx">
      <Filter>Modules\TypeTraits</Filter>
    </ClCompile>
    <ClCompile Include="Modules\TypeTraits\TypeTraits-IsSpecialisation.ixx">
      <Filter>Modules\TypeTraits</Filter>
    </ClCompile>
    <ClCompile Include="Modules\TypeTraits\TypeTraits-MakeSigned.ixx">
      <Filter>Modules\TypeTraits</Filter>
    </ClCompile>
    <ClCompile Include="Modules\TypeTraits\TypeTraits-MakeUnsigned.ixx">
      <Filter>Modules\TypeTraits</Filter>
    </ClCompile>
    <ClCompile Include="Modules\TypeTraits\TypeTraits-IsTrivial.ixx">
      <Filter>Modules\TypeTraits</Filter>
    </ClCompile>
    <ClCompile Include="Modules\TypeTraits\TypeTraits-IsConstructible.ixx">
      <Filter>Modules\TypeTraits</Filter>
    </ClCompile>
    <ClCompile Include="Modules\TypeTraits\TypeTraits-IsStandardLayout.ixx">
      <Filter>Modules\TypeTraits</Filter>
    </ClCompile>
    <ClCompile Include="Modules\Utility\Utility-Move.ixx">
      <Filter>Modules\Utility</Filter>
    </ClCompile>
    <ClCompile Include="Modules\TypeTraits\TypeTraits-ImplicitConversion.ixx">
      <Filter>Modules\TypeTraits</Filter>
    </ClCompile>
    <ClCompile Include="Modules\TypeTraits\TypeTraits-IsAssignable.ixx">
      <Filter>Modules\TypeTraits</Filter>
    </ClCompile>
    <ClCompile Include="Modules\Utility\Utility-Exchange.ixx">
      <Filter>Modules\Utility</Filter>
    </ClCompile>
    <ClCompile Include="Modules\Utility\Utility-Swap.ixx">
      <Filter>Modules\Utility</Filter>
    </ClCompile>
    <ClCompile Include="Modules\TypeTraits\TypeTraits-IsSwappable.ixx">
      <Filter>Modules\TypeTraits</Filter>
    </ClCompile>
    <ClCompile Include="Modules\TypeTraits\TypeTraits-Logical.ixx">
      <Filter>Modules\TypeTraits</Filter>
    </ClCompile>
    <ClCompile Include="Modules\Utility\Utility-BitCast.ixx">
      <Filter>Modules\Utility</Filter>
    </ClCompile>
    <ClCompile Include="Modules\Utility\Utility-AlignedBytes.ixx">
      <Filter>Modules\Utility</Filter>
    </ClCompile>
    <ClCompile Include="Modules\TypeTraits\TypeTraits-IsDestructible.ixx">
      <Filter>Modules\TypeTraits</Filter>
    </ClCompile>
    <ClCompile Include="Modules\TypeTraits\TypeTraits-HasUniqueObjectRepresentations.ixx">
      <Filter>Modules\TypeTraits</Filter>
    </ClCompile>
    <ClCompile Include="Modules\Internal\Internal-Invoker.h">
      <Filter>Modules\Internal</Filter>
    </ClCompile>
    <ClCompile Include="Modules\TypeTraits\TypeTraits-IsEmpty.ixx">
      <Filter>Modules\TypeTraits</Filter>
    </ClCompile>
    <ClCompile Include="Modules\TypeTraits\TypeTraits-IsPolymorphic.ixx">
      <Filter>Modules\TypeTraits</Filter>
    </ClCompile>
    <ClCompile Include="Modules\TypeTraits\TypeTraits-IsAbstract.ixx">
      <Filter>Modules\TypeTraits</Filter>
    </ClCompile>
    <ClCompile Include="Modules\TypeTraits\TypeTraits-IsFinal.ixx">
      <Filter>Modules\TypeTraits</Filter>
    </ClCompile>
    <ClCompile Include="Modules\TypeTraits\TypeTraits-IsAggregate.ixx">
      <Filter>Modules\TypeTraits</Filter>
    </ClCompile>
    <ClCompile Include="Modules\TypeTraits\TypeTraits-IsBoundedArray.ixx">
      <Filter>Modules\TypeTraits</Filter>
    </ClCompile>
    <ClCompile Include="Modules\TypeTraits\TypeTraits-AlignmentOf.ixx">
      <Filter>Modules\TypeTraits</Filter>
    </ClCompile>
    <ClCompile Include="Modules\TypeTraits\TypeTraits-HasVirtualDestructor.ixx">
      <Filter>Modules\TypeTraits</Filter>
    </ClCompile>
    <ClCompile Include="Modules\TypeTraits\TypeTraits-Rank.ixx">
      <Filter>Modules\TypeTraits</Filter>
    </ClCompile>
    <ClCompile Include="Modules\TypeTraits\TypeTraits-Extent.ixx">
      <Filter>Modules\TypeTraits</Filter>
    </ClCompile>
    <ClCompile Include="Modules\TypeTraits\TypeTraits-IsConstantEvaluated.ixx">
      <Filter>Modules\TypeTraits</Filter>
    </ClCompile>
    <ClCompile Include="Modules\TypeTraits\TypeTraits-IsCorrespondingMember.ixx">
      <Filter>Modules\TypeTraits</Filter>
    </ClCompile>
    <ClCompile Include="Modules\Algo\Algo-Utility.ixx">
      <Filter>Modules\Algo</Filter>
    </ClCompile>
    <ClCompile Include="Modules\Functional\Functional-Operators.ixx">
      <Filter>Modules\Functional</Filter>
    </ClCompile>
    <ClCompile Include="Modules\Concepts\Concepts-EqualityComparable.ixx">
      <Filter>Modules\Concepts</Filter>
    </ClCompile>
    <ClCompile Include="Modules\Concepts\Concepts-SameAs.ixx">
      <Filter>Modules\Concepts</Filter>
    </ClCompile>
    <ClCompile Include="Modules\Concepts\Concepts-DerivedFrom.ixx">
      <Filter>Modules\Concepts</Filter>
    </ClCompile>
    <ClCompile Include="Modules\Concepts\Concepts-ConvertibleTo.ixx">
      <Filter>Modules\Concepts</Filter>
    </ClCompile>
    <ClCompile Include="Modules\Concepts\Concepts-CommonReference.ixx">
      <Filter>Modules\Concepts</Filter>
    </ClCompile>
    <ClCompile Include="Modules\TypeTraits\TypeTraits-CommonReference.ixx">
      <Filter>Modules\TypeTraits</Filter>
    </ClCompile>
    <ClCompile Include="Modules\TypeTraits\TypeTraits-CommonType.ixx">
      <Filter>Modules\TypeTraits</Filter>
    </ClCompile>
    <ClCompile Include="Modules\Concepts\Concepts-TotallyOrdered.ixx">
      <Filter>Modules\Concepts</Filter>
    </ClCompile>
    <ClCompile Include="Modules\Internal\Internal-BooleanTestable.h">
      <Filter>Modules\Internal</Filter>
    </ClCompile>
    <ClCompile Include="Modules\Algo\Algo-ForEach.ixx">
      <Filter>Modules\Algo</Filter>
    </ClCompile>
    <ClCompile Include="Modules\Algo\Algo-IndexOf.ixx">
      <Filter>Modules\Algo</Filter>
    </ClCompile>
    <ClCompile Include="Modules\TypeTraits\TypeTraits-IsContiguous.ixx">
      <Filter>Modules\TypeTraits</Filter>
    </ClCompile>
    <ClCompile Include="Modules\Concepts\Concepts-ContiguousRange.ixx">
      <Filter>Modules\Concepts</Filter>
    </ClCompile>
  </ItemGroup>
</Project>